// !$*UTF8*$!
{
	archiveVersion = 1;
	classes = {
	};
	objectVersion = 50;
	objects = {

/* Begin PBXBuildFile section */
		AC54FE2C4F8EEF83C81F1DFA /* Pods_mandara.framework in Frameworks */ = {isa = PBXBuildFile; fileRef = 7F9A53A1E824FAF31D1AAFFF /* Pods_mandara.framework */; };
		D49C654B25EB64F900B342FA /* AppDelegate.swift in Sources */ = {isa = PBXBuildFile; fileRef = D49C654A25EB64F900B342FA /* AppDelegate.swift */; };
		D49C654D25EB64F900B342FA /* SceneDelegate.swift in Sources */ = {isa = PBXBuildFile; fileRef = D49C654C25EB64F900B342FA /* SceneDelegate.swift */; };
		D49C654F25EB64F900B342FA /* ViewController.swift in Sources */ = {isa = PBXBuildFile; fileRef = D49C654E25EB64F900B342FA /* ViewController.swift */; };
		D49C655225EB64F900B342FA /* Main.storyboard in Resources */ = {isa = PBXBuildFile; fileRef = D49C655025EB64F900B342FA /* Main.storyboard */; };
		D49C655425EB64F900B342FA /* Assets.xcassets in Resources */ = {isa = PBXBuildFile; fileRef = D49C655325EB64F900B342FA /* Assets.xcassets */; };
		D49C655725EB64F900B342FA /* LaunchScreen.storyboard in Resources */ = {isa = PBXBuildFile; fileRef = D49C655525EB64F900B342FA /* LaunchScreen.storyboard */; };
/* End PBXBuildFile section */

/* Begin PBXFileReference section */
		30B61FC88316AF6046190137 /* Pods-mandara.release.xcconfig */ = {isa = PBXFileReference; includeInIndex = 1; lastKnownFileType = text.xcconfig; name = "Pods-mandara.release.xcconfig"; path = "Target Support Files/Pods-mandara/Pods-mandara.release.xcconfig"; sourceTree = "<group>"; };
		5B8AA8A1E69CCD0056E20C40 /* Pods-mandara.debug.xcconfig */ = {isa = PBXFileReference; includeInIndex = 1; lastKnownFileType = text.xcconfig; name = "Pods-mandara.debug.xcconfig"; path = "Target Support Files/Pods-mandara/Pods-mandara.debug.xcconfig"; sourceTree = "<group>"; };
		7F9A53A1E824FAF31D1AAFFF /* Pods_mandara.framework */ = {isa = PBXFileReference; explicitFileType = wrapper.framework; includeInIndex = 0; path = Pods_mandara.framework; sourceTree = BUILT_PRODUCTS_DIR; };
		D49C654725EB64F900B342FA /* mandara.app */ = {isa = PBXFileReference; explicitFileType = wrapper.application; includeInIndex = 0; path = mandara.app; sourceTree = BUILT_PRODUCTS_DIR; };
		D49C654A25EB64F900B342FA /* AppDelegate.swift */ = {isa = PBXFileReference; lastKnownFileType = sourcecode.swift; path = AppDelegate.swift; sourceTree = "<group>"; };
		D49C654C25EB64F900B342FA /* SceneDelegate.swift */ = {isa = PBXFileReference; lastKnownFileType = sourcecode.swift; path = SceneDelegate.swift; sourceTree = "<group>"; };
		D49C654E25EB64F900B342FA /* ViewController.swift */ = {isa = PBXFileReference; lastKnownFileType = sourcecode.swift; path = ViewController.swift; sourceTree = "<group>"; };
		D49C655125EB64F900B342FA /* Base */ = {isa = PBXFileReference; lastKnownFileType = file.storyboard; name = Base; path = Base.lproj/Main.storyboard; sourceTree = "<group>"; };
		D49C655325EB64F900B342FA /* Assets.xcassets */ = {isa = PBXFileReference; lastKnownFileType = folder.assetcatalog; path = Assets.xcassets; sourceTree = "<group>"; };
		D49C655625EB64F900B342FA /* Base */ = {isa = PBXFileReference; lastKnownFileType = file.storyboard; name = Base; path = Base.lproj/LaunchScreen.storyboard; sourceTree = "<group>"; };
		D49C655825EB64F900B342FA /* Info.plist */ = {isa = PBXFileReference; lastKnownFileType = text.plist.xml; path = Info.plist; sourceTree = "<group>"; };
/* End PBXFileReference section */

/* Begin PBXFrameworksBuildPhase section */
		D49C654425EB64F900B342FA /* Frameworks */ = {
			isa = PBXFrameworksBuildPhase;
			buildActionMask = 2147483647;
			files = (
				AC54FE2C4F8EEF83C81F1DFA /* Pods_mandara.framework in Frameworks */,
			);
			runOnlyForDeploymentPostprocessing = 0;
		};
/* End PBXFrameworksBuildPhase section */

/* Begin PBXGroup section */
		98C39047AD4FD843A47EE8A4 /* Frameworks */ = {
			isa = PBXGroup;
			children = (
				7F9A53A1E824FAF31D1AAFFF /* Pods_mandara.framework */,
			);
			name = Frameworks;
			sourceTree = "<group>";
		};
		C0EC530757D1FEB02FDCEE18 /* Pods */ = {
			isa = PBXGroup;
			children = (
				5B8AA8A1E69CCD0056E20C40 /* Pods-mandara.debug.xcconfig */,
				30B61FC88316AF6046190137 /* Pods-mandara.release.xcconfig */,
			);
			name = Pods;
			path = Pods;
			sourceTree = "<group>";
		};
		D49C653E25EB64F900B342FA = {
			isa = PBXGroup;
			children = (
				D49C654925EB64F900B342FA /* mandara */,
				D49C654825EB64F900B342FA /* Products */,
				C0EC530757D1FEB02FDCEE18 /* Pods */,
				98C39047AD4FD843A47EE8A4 /* Frameworks */,
			);
			sourceTree = "<group>";
		};
		D49C654825EB64F900B342FA /* Products */ = {
			isa = PBXGroup;
			children = (
				D49C654725EB64F900B342FA /* mandara.app */,
			);
			name = Products;
			sourceTree = "<group>";
		};
		D49C654925EB64F900B342FA /* mandara */ = {
			isa = PBXGroup;
			children = (
				D49C654A25EB64F900B342FA /* AppDelegate.swift */,
				D49C654C25EB64F900B342FA /* SceneDelegate.swift */,
				D49C654E25EB64F900B342FA /* ViewController.swift */,
				D49C655025EB64F900B342FA /* Main.storyboard */,
				D49C655325EB64F900B342FA /* Assets.xcassets */,
				D49C655525EB64F900B342FA /* LaunchScreen.storyboard */,
				D49C655825EB64F900B342FA /* Info.plist */,
			);
			path = mandara;
			sourceTree = "<group>";
		};
/* End PBXGroup section */

/* Begin PBXNativeTarget section */
		D49C654625EB64F900B342FA /* mandara */ = {
			isa = PBXNativeTarget;
			buildConfigurationList = D49C655B25EB64F900B342FA /* Build configuration list for PBXNativeTarget "mandara" */;
			buildPhases = (
				34F7A775040E32FC1355C2A3 /* [CP] Check Pods Manifest.lock */,
				D49C654325EB64F900B342FA /* Sources */,
				D49C654425EB64F900B342FA /* Frameworks */,
				D49C654525EB64F900B342FA /* Resources */,
				755F171936E7DDC82BEDEEC7 /* [CP] Embed Pods Frameworks */,
			);
			buildRules = (
			);
			dependencies = (
			);
			name = mandara;
			productName = mandara;
			productReference = D49C654725EB64F900B342FA /* mandara.app */;
			productType = "com.apple.product-type.application";
		};
/* End PBXNativeTarget section */

/* Begin PBXProject section */
		D49C653F25EB64F900B342FA /* Project object */ = {
			isa = PBXProject;
			attributes = {
				LastSwiftUpdateCheck = 1220;
				LastUpgradeCheck = 1220;
				TargetAttributes = {
					D49C654625EB64F900B342FA = {
						CreatedOnToolsVersion = 12.2;
					};
				};
			};
			buildConfigurationList = D49C654225EB64F900B342FA /* Build configuration list for PBXProject "mandara" */;
			compatibilityVersion = "Xcode 9.3";
			developmentRegion = en;
			hasScannedForEncodings = 0;
			knownRegions = (
				en,
				Base,
			);
			mainGroup = D49C653E25EB64F900B342FA;
			productRefGroup = D49C654825EB64F900B342FA /* Products */;
			projectDirPath = "";
			projectRoot = "";
			targets = (
				D49C654625EB64F900B342FA /* mandara */,
			);
		};
/* End PBXProject section */

/* Begin PBXResourcesBuildPhase section */
		D49C654525EB64F900B342FA /* Resources */ = {
			isa = PBXResourcesBuildPhase;
			buildActionMask = 2147483647;
			files = (
				D49C655725EB64F900B342FA /* LaunchScreen.storyboard in Resources */,
				D49C655425EB64F900B342FA /* Assets.xcassets in Resources */,
				D49C655225EB64F900B342FA /* Main.storyboard in Resources */,
			);
			runOnlyForDeploymentPostprocessing = 0;
		};
/* End PBXResourcesBuildPhase section */

/* Begin PBXShellScriptBuildPhase section */
		34F7A775040E32FC1355C2A3 /* [CP] Check Pods Manifest.lock */ = {
			isa = PBXShellScriptBuildPhase;
			buildActionMask = 2147483647;
			files = (
			);
			inputFileListPaths = (
			);
			inputPaths = (
				"${PODS_PODFILE_DIR_PATH}/Podfile.lock",
				"${PODS_ROOT}/Manifest.lock",
			);
			name = "[CP] Check Pods Manifest.lock";
			outputFileListPaths = (
			);
			outputPaths = (
				"$(DERIVED_FILE_DIR)/Pods-mandara-checkManifestLockResult.txt",
			);
			runOnlyForDeploymentPostprocessing = 0;
			shellPath = /bin/sh;
			shellScript = "diff \"${PODS_PODFILE_DIR_PATH}/Podfile.lock\" \"${PODS_ROOT}/Manifest.lock\" > /dev/null\nif [ $? != 0 ] ; then\n    # print error to STDERR\n    echo \"error: The sandbox is not in sync with the Podfile.lock. Run 'pod install' or update your CocoaPods installation.\" >&2\n    exit 1\nfi\n# This output is used by Xcode 'outputs' to avoid re-running this script phase.\necho \"SUCCESS\" > \"${SCRIPT_OUTPUT_FILE_0}\"\n";
			showEnvVarsInLog = 0;
		};
		755F171936E7DDC82BEDEEC7 /* [CP] Embed Pods Frameworks */ = {
			isa = PBXShellScriptBuildPhase;
			buildActionMask = 2147483647;
			files = (
			);
			inputFileListPaths = (
				"${PODS_ROOT}/Target Support Files/Pods-mandara/Pods-mandara-frameworks-${CONFIGURATION}-input-files.xcfilelist",
			);
			name = "[CP] Embed Pods Frameworks";
			outputFileListPaths = (
				"${PODS_ROOT}/Target Support Files/Pods-mandara/Pods-mandara-frameworks-${CONFIGURATION}-output-files.xcfilelist",
			);
			runOnlyForDeploymentPostprocessing = 0;
			shellPath = /bin/sh;
			shellScript = "\"${PODS_ROOT}/Target Support Files/Pods-mandara/Pods-mandara-frameworks.sh\"\n";
			showEnvVarsInLog = 0;
		};
/* End PBXShellScriptBuildPhase section */

/* Begin PBXSourcesBuildPhase section */
		D49C654325EB64F900B342FA /* Sources */ = {
			isa = PBXSourcesBuildPhase;
			buildActionMask = 2147483647;
			files = (
				D49C654F25EB64F900B342FA /* ViewController.swift in Sources */,
				D49C654B25EB64F900B342FA /* AppDelegate.swift in Sources */,
				D49C654D25EB64F900B342FA /* SceneDelegate.swift in Sources */,
			);
			runOnlyForDeploymentPostprocessing = 0;
		};
/* End PBXSourcesBuildPhase section */

/* Begin PBXVariantGroup section */
		D49C655025EB64F900B342FA /* Main.storyboard */ = {
			isa = PBXVariantGroup;
			children = (
				D49C655125EB64F900B342FA /* Base */,
			);
			name = Main.storyboard;
			sourceTree = "<group>";
		};
		D49C655525EB64F900B342FA /* LaunchScreen.storyboard */ = {
			isa = PBXVariantGroup;
			children = (
				D49C655625EB64F900B342FA /* Base */,
			);
			name = LaunchScreen.storyboard;
			sourceTree = "<group>";
		};
/* End PBXVariantGroup section */

/* Begin XCBuildConfiguration section */
		D49C655925EB64F900B342FA /* Debug */ = {
			isa = XCBuildConfiguration;
			buildSettings = {
				ALWAYS_SEARCH_USER_PATHS = NO;
				CLANG_ANALYZER_NONNULL = YES;
				CLANG_ANALYZER_NUMBER_OBJECT_CONVERSION = YES_AGGRESSIVE;
				CLANG_CXX_LANGUAGE_STANDARD = "gnu++14";
				CLANG_CXX_LIBRARY = "libc++";
				CLANG_ENABLE_MODULES = YES;
				CLANG_ENABLE_OBJC_ARC = YES;
				CLANG_ENABLE_OBJC_WEAK = YES;
				CLANG_WARN_BLOCK_CAPTURE_AUTORELEASING = YES;
				CLANG_WARN_BOOL_CONVERSION = YES;
				CLANG_WARN_COMMA = YES;
				CLANG_WARN_CONSTANT_CONVERSION = YES;
				CLANG_WARN_DEPRECATED_OBJC_IMPLEMENTATIONS = YES;
				CLANG_WARN_DIRECT_OBJC_ISA_USAGE = YES_ERROR;
				CLANG_WARN_DOCUMENTATION_COMMENTS = YES;
				CLANG_WARN_EMPTY_BODY = YES;
				CLANG_WARN_ENUM_CONVERSION = YES;
				CLANG_WARN_INFINITE_RECURSION = YES;
				CLANG_WARN_INT_CONVERSION = YES;
				CLANG_WARN_NON_LITERAL_NULL_CONVERSION = YES;
				CLANG_WARN_OBJC_IMPLICIT_RETAIN_SELF = YES;
				CLANG_WARN_OBJC_LITERAL_CONVERSION = YES;
				CLANG_WARN_OBJC_ROOT_CLASS = YES_ERROR;
				CLANG_WARN_QUOTED_INCLUDE_IN_FRAMEWORK_HEADER = YES;
				CLANG_WARN_RANGE_LOOP_ANALYSIS = YES;
				CLANG_WARN_STRICT_PROTOTYPES = YES;
				CLANG_WARN_SUSPICIOUS_MOVE = YES;
				CLANG_WARN_UNGUARDED_AVAILABILITY = YES_AGGRESSIVE;
				CLANG_WARN_UNREACHABLE_CODE = YES;
				CLANG_WARN__DUPLICATE_METHOD_MATCH = YES;
				COPY_PHASE_STRIP = NO;
				DEBUG_INFORMATION_FORMAT = dwarf;
				ENABLE_STRICT_OBJC_MSGSEND = YES;
				ENABLE_TESTABILITY = YES;
				GCC_C_LANGUAGE_STANDARD = gnu11;
				GCC_DYNAMIC_NO_PIC = NO;
				GCC_NO_COMMON_BLOCKS = YES;
				GCC_OPTIMIZATION_LEVEL = 0;
				GCC_PREPROCESSOR_DEFINITIONS = (
					"DEBUG=1",
					"$(inherited)",
				);
				GCC_WARN_64_TO_32_BIT_CONVERSION = YES;
				GCC_WARN_ABOUT_RETURN_TYPE = YES_ERROR;
				GCC_WARN_UNDECLARED_SELECTOR = YES;
				GCC_WARN_UNINITIALIZED_AUTOS = YES_AGGRESSIVE;
				GCC_WARN_UNUSED_FUNCTION = YES;
				GCC_WARN_UNUSED_VARIABLE = YES;
				IPHONEOS_DEPLOYMENT_TARGET = 14.2;
				MTL_ENABLE_DEBUG_INFO = INCLUDE_SOURCE;
				MTL_FAST_MATH = YES;
				ONLY_ACTIVE_ARCH = YES;
				SDKROOT = iphoneos;
				SWIFT_ACTIVE_COMPILATION_CONDITIONS = DEBUG;
				SWIFT_OPTIMIZATION_LEVEL = "-Onone";
			};
			name = Debug;
		};
		D49C655A25EB64F900B342FA /* Release */ = {
			isa = XCBuildConfiguration;
			buildSettings = {
				ALWAYS_SEARCH_USER_PATHS = NO;
				CLANG_ANALYZER_NONNULL = YES;
				CLANG_ANALYZER_NUMBER_OBJECT_CONVERSION = YES_AGGRESSIVE;
				CLANG_CXX_LANGUAGE_STANDARD = "gnu++14";
				CLANG_CXX_LIBRARY = "libc++";
				CLANG_ENABLE_MODULES = YES;
				CLANG_ENABLE_OBJC_ARC = YES;
				CLANG_ENABLE_OBJC_WEAK = YES;
				CLANG_WARN_BLOCK_CAPTURE_AUTORELEASING = YES;
				CLANG_WARN_BOOL_CONVERSION = YES;
				CLANG_WARN_COMMA = YES;
				CLANG_WARN_CONSTANT_CONVERSION = YES;
				CLANG_WARN_DEPRECATED_OBJC_IMPLEMENTATIONS = YES;
				CLANG_WARN_DIRECT_OBJC_ISA_USAGE = YES_ERROR;
				CLANG_WARN_DOCUMENTATION_COMMENTS = YES;
				CLANG_WARN_EMPTY_BODY = YES;
				CLANG_WARN_ENUM_CONVERSION = YES;
				CLANG_WARN_INFINITE_RECURSION = YES;
				CLANG_WARN_INT_CONVERSION = YES;
				CLANG_WARN_NON_LITERAL_NULL_CONVERSION = YES;
				CLANG_WARN_OBJC_IMPLICIT_RETAIN_SELF = YES;
				CLANG_WARN_OBJC_LITERAL_CONVERSION = YES;
				CLANG_WARN_OBJC_ROOT_CLASS = YES_ERROR;
				CLANG_WARN_QUOTED_INCLUDE_IN_FRAMEWORK_HEADER = YES;
				CLANG_WARN_RANGE_LOOP_ANALYSIS = YES;
				CLANG_WARN_STRICT_PROTOTYPES = YES;
				CLANG_WARN_SUSPICIOUS_MOVE = YES;
				CLANG_WARN_UNGUARDED_AVAILABILITY = YES_AGGRESSIVE;
				CLANG_WARN_UNREACHABLE_CODE = YES;
				CLANG_WARN__DUPLICATE_METHOD_MATCH = YES;
				COPY_PHASE_STRIP = NO;
				DEBUG_INFORMATION_FORMAT = "dwarf-with-dsym";
				ENABLE_NS_ASSERTIONS = NO;
				ENABLE_STRICT_OBJC_MSGSEND = YES;
				GCC_C_LANGUAGE_STANDARD = gnu11;
				GCC_NO_COMMON_BLOCKS = YES;
				GCC_WARN_64_TO_32_BIT_CONVERSION = YES;
				GCC_WARN_ABOUT_RETURN_TYPE = YES_ERROR;
				GCC_WARN_UNDECLARED_SELECTOR = YES;
				GCC_WARN_UNINITIALIZED_AUTOS = YES_AGGRESSIVE;
				GCC_WARN_UNUSED_FUNCTION = YES;
				GCC_WARN_UNUSED_VARIABLE = YES;
				IPHONEOS_DEPLOYMENT_TARGET = 14.2;
				MTL_ENABLE_DEBUG_INFO = NO;
				MTL_FAST_MATH = YES;
				SDKROOT = iphoneos;
				SWIFT_COMPILATION_MODE = wholemodule;
				SWIFT_OPTIMIZATION_LEVEL = "-O";
				VALIDATE_PRODUCT = YES;
			};
			name = Release;
		};
		D49C655C25EB64F900B342FA /* Debug */ = {
			isa = XCBuildConfiguration;
			baseConfigurationReference = 5B8AA8A1E69CCD0056E20C40 /* Pods-mandara.debug.xcconfig */;
			buildSettings = {
				ASSETCATALOG_COMPILER_APPICON_NAME = AppIcon;
				ASSETCATALOG_COMPILER_GLOBAL_ACCENT_COLOR_NAME = AccentColor;
				CODE_SIGN_STYLE = Automatic;
				DEVELOPMENT_TEAM = FU3PNN76XJ;
				INFOPLIST_FILE = mandara/Info.plist;
				LD_RUNPATH_SEARCH_PATHS = (
					"$(inherited)",
					"@executable_path/Frameworks",
				);
				PRODUCT_BUNDLE_IDENTIFIER = jp.techacademy.kazuki.kawamura.mandara;
				PRODUCT_NAME = "$(TARGET_NAME)";
				SWIFT_VERSION = 5.0;
				TARGETED_DEVICE_FAMILY = "1,2";
			};
			name = Debug;
		};
		D49C655D25EB64F900B342FA /* Release */ = {
			isa = XCBuildConfiguration;
			baseConfigurationReference = 30B61FC88316AF6046190137 /* Pods-mandara.release.xcconfig */;
			buildSettings = {
				ASSETCATALOG_COMPILER_APPICON_NAME = AppIcon;
				ASSETCATALOG_COMPILER_GLOBAL_ACCENT_COLOR_NAME = AccentColor;
				CODE_SIGN_STYLE = Automatic;
				DEVELOPMENT_TEAM = FU3PNN76XJ;
				INFOPLIST_FILE = mandara/Info.plist;
				LD_RUNPATH_SEARCH_PATHS = (
					"$(inherited)",
					"@executable_path/Frameworks",
				);
				PRODUCT_BUNDLE_IDENTIFIER = jp.techacademy.kazuki.kawamura.mandara;
				PRODUCT_NAME = "$(TARGET_NAME)";
				SWIFT_VERSION = 5.0;
				TARGETED_DEVICE_FAMILY = "1,2";
			};
			name = Release;
		};
/* End XCBuildConfiguration section */

/* Begin XCConfigurationList section */
		D49C654225EB64F900B342FA /* Build configuration list for PBXProject "mandara" */ = {
			isa = XCConfigurationList;
			buildConfigurations = (
				D49C655925EB64F900B342FA /* Debug */,
				D49C655A25EB64F900B342FA /* Release */,
			);
			defaultConfigurationIsVisible = 0;
			defaultConfigurationName = Release;
		};
		D49C655B25EB64F900B342FA /* Build configuration list for PBXNativeTarget "mandara" */ = {
			isa = XCConfigurationList;
			buildConfigurations = (
				D49C655C25EB64F900B342FA /* Debug */,
				D49C655D25EB64F900B342FA /* Release */,
			);
			defaultConfigurationIsVisible = 0;
			defaultConfigurationName = Release;
		};
/* End XCConfigurationList section */
	};
	rootObject = D49C653F25EB64F900B342FA /* Project object */;
}
